// !$*UTF8*$!
{
	archiveVersion = 1;
	classes = {
	};
	objectVersion = 56;
	objects = {

/* Begin PBXBuildFile section */
		3D06ABFD2B357BF90057139A /* AppDelegate.swift in Sources */ = {isa = PBXBuildFile; fileRef = 3D06ABFC2B357BF90057139A /* AppDelegate.swift */; };
		3D06ABFF2B357BF90057139A /* SceneDelegate.swift in Sources */ = {isa = PBXBuildFile; fileRef = 3D06ABFE2B357BF90057139A /* SceneDelegate.swift */; };
		3D06AC012B357BF90057139A /* ViewController.swift in Sources */ = {isa = PBXBuildFile; fileRef = 3D06AC002B357BF90057139A /* ViewController.swift */; };
		3D06AC042B357BF90057139A /* Main.storyboard in Resources */ = {isa = PBXBuildFile; fileRef = 3D06AC022B357BF90057139A /* Main.storyboard */; };
		3D06AC072B357BF90057139A /* RestoRaterUIKit.xcdatamodeld in Sources */ = {isa = PBXBuildFile; fileRef = 3D06AC052B357BF90057139A /* RestoRaterUIKit.xcdatamodeld */; };
		3D06AC092B357BFB0057139A /* Assets.xcassets in Resources */ = {isa = PBXBuildFile; fileRef = 3D06AC082B357BFB0057139A /* Assets.xcassets */; };
		3D06AC0C2B357BFB0057139A /* LaunchScreen.storyboard in Resources */ = {isa = PBXBuildFile; fileRef = 3D06AC0A2B357BFB0057139A /* LaunchScreen.storyboard */; };
		3D06AC142B3589D80057139A /* TabBarViewController.swift in Sources */ = {isa = PBXBuildFile; fileRef = 3D06AC132B3589D80057139A /* TabBarViewController.swift */; };
		3D06AC162B358E8A0057139A /* RegisterVIewController.swift in Sources */ = {isa = PBXBuildFile; fileRef = 3D06AC152B358E8A0057139A /* RegisterVIewController.swift */; };
		3D06AC182B358EBB0057139A /* LoginViewController.swift in Sources */ = {isa = PBXBuildFile; fileRef = 3D06AC172B358EBB0057139A /* LoginViewController.swift */; };
		3D2F83B42B35AF8C002D7FF1 /* TextFieldCell.swift in Sources */ = {isa = PBXBuildFile; fileRef = 3D2F83B22B35AF8C002D7FF1 /* TextFieldCell.swift */; };
		3D2F83B52B35AF8C002D7FF1 /* TextFieldCell.xib in Resources */ = {isa = PBXBuildFile; fileRef = 3D2F83B32B35AF8C002D7FF1 /* TextFieldCell.xib */; };
		3D2F83B82B35B86D002D7FF1 /* ButtonCell.swift in Sources */ = {isa = PBXBuildFile; fileRef = 3D2F83B62B35B86D002D7FF1 /* ButtonCell.swift */; };
		3D2F83B92B35B86D002D7FF1 /* ButtonCell.xib in Resources */ = {isa = PBXBuildFile; fileRef = 3D2F83B72B35B86D002D7FF1 /* ButtonCell.xib */; };
		3D2F83BC2B35C53E002D7FF1 /* UIView.swift in Sources */ = {isa = PBXBuildFile; fileRef = 3D2F83BB2B35C53E002D7FF1 /* UIView.swift */; };
		3D2F83BF2B35C6C1002D7FF1 /* SecondaryButtonCell.swift in Sources */ = {isa = PBXBuildFile; fileRef = 3D2F83BD2B35C6C1002D7FF1 /* SecondaryButtonCell.swift */; };
		3D2F83C02B35C6C1002D7FF1 /* SecondaryButtonCell.xib in Resources */ = {isa = PBXBuildFile; fileRef = 3D2F83BE2B35C6C1002D7FF1 /* SecondaryButtonCell.xib */; };
		3D2F83C32B35C9BD002D7FF1 /* Localizable.strings in Resources */ = {isa = PBXBuildFile; fileRef = 3D2F83C52B35C9BD002D7FF1 /* Localizable.strings */; };
		3D2F83C72B35C9F2002D7FF1 /* Lingo.swift in Sources */ = {isa = PBXBuildFile; fileRef = 3D2F83C62B35C9F2002D7FF1 /* Lingo.swift */; };
		3D3A207E2B40422600B606E2 /* TabBarController.swift in Sources */ = {isa = PBXBuildFile; fileRef = 3D3A207D2B40422600B606E2 /* TabBarController.swift */; };
		3D4E8FCB2B4049AA00EA9C28 /* Restaurants.storyboard in Resources */ = {isa = PBXBuildFile; fileRef = 3D4E8FCA2B4049AA00EA9C28 /* Restaurants.storyboard */; };
		3D4E8FCD2B4049DC00EA9C28 /* Users.storyboard in Resources */ = {isa = PBXBuildFile; fileRef = 3D4E8FCC2B4049DC00EA9C28 /* Users.storyboard */; };
		3D4E8FCF2B404A6E00EA9C28 /* Profile.storyboard in Resources */ = {isa = PBXBuildFile; fileRef = 3D4E8FCE2B404A6E00EA9C28 /* Profile.storyboard */; };
		3D4E8FD12B404B0900EA9C28 /* UserDetailsViewController.swift in Sources */ = {isa = PBXBuildFile; fileRef = 3D4E8FD02B404B0900EA9C28 /* UserDetailsViewController.swift */; };
		3D5297322B414E980052880A /* SwitchTableViewCell.swift in Sources */ = {isa = PBXBuildFile; fileRef = 3D5297302B414E980052880A /* SwitchTableViewCell.swift */; };
		3D5297332B414E980052880A /* SwitchTableViewCell.xib in Resources */ = {isa = PBXBuildFile; fileRef = 3D5297312B414E980052880A /* SwitchTableViewCell.xib */; };
		3D6F80632B382E8F006C8684 /* LoginViewModel.swift in Sources */ = {isa = PBXBuildFile; fileRef = 3D6F80622B382E8F006C8684 /* LoginViewModel.swift */; };
		3D6F80662B382EC9006C8684 /* CoreDataManager.swift in Sources */ = {isa = PBXBuildFile; fileRef = 3D6F80652B382EC9006C8684 /* CoreDataManager.swift */; };
		3D6F80682B382EE9006C8684 /* PersistenceController.swift in Sources */ = {isa = PBXBuildFile; fileRef = 3D6F80672B382EE9006C8684 /* PersistenceController.swift */; };
		3D6F807C2B38306D006C8684 /* Review+CoreDataClass.swift in Sources */ = {isa = PBXBuildFile; fileRef = 3D6F80762B38306D006C8684 /* Review+CoreDataClass.swift */; };
		3D6F807D2B38306D006C8684 /* Review+CoreDataProperties.swift in Sources */ = {isa = PBXBuildFile; fileRef = 3D6F80772B38306D006C8684 /* Review+CoreDataProperties.swift */; };
		3D6F80802B38306D006C8684 /* User+CoreDataClass.swift in Sources */ = {isa = PBXBuildFile; fileRef = 3D6F807A2B38306D006C8684 /* User+CoreDataClass.swift */; };
		3D6F80812B38306D006C8684 /* User+CoreDataProperties.swift in Sources */ = {isa = PBXBuildFile; fileRef = 3D6F807B2B38306D006C8684 /* User+CoreDataProperties.swift */; };
		3D6F80832B3830FD006C8684 /* UserManager.swift in Sources */ = {isa = PBXBuildFile; fileRef = 3D6F80822B3830FD006C8684 /* UserManager.swift */; };
		3D8185F42B42A5C9002DF965 /* AddEditRestaurantViewController.swift in Sources */ = {isa = PBXBuildFile; fileRef = 3D8185F32B42A5C9002DF965 /* AddEditRestaurantViewController.swift */; };
		3D8185F62B42A639002DF965 /* AddEditRestaurantViewModel.swift in Sources */ = {isa = PBXBuildFile; fileRef = 3D8185F52B42A639002DF965 /* AddEditRestaurantViewModel.swift */; };
		3D8185F92B42AB69002DF965 /* ImagePickerCell.swift in Sources */ = {isa = PBXBuildFile; fileRef = 3D8185F72B42AB69002DF965 /* ImagePickerCell.swift */; };
		3D8185FA2B42AB69002DF965 /* ImagePickerCell.xib in Resources */ = {isa = PBXBuildFile; fileRef = 3D8185F82B42AB69002DF965 /* ImagePickerCell.xib */; };
		3D8AB7522B40089600640749 /* UserListViewController.swift in Sources */ = {isa = PBXBuildFile; fileRef = 3D8AB7512B40089600640749 /* UserListViewController.swift */; };
		3D8AB7542B4008DE00640749 /* UsersViewModel.swift in Sources */ = {isa = PBXBuildFile; fileRef = 3D8AB7532B4008DE00640749 /* UsersViewModel.swift */; };
		3D8AB7572B4009BD00640749 /* UserTableViewCell.swift in Sources */ = {isa = PBXBuildFile; fileRef = 3D8AB7552B4009BD00640749 /* UserTableViewCell.swift */; };
		3D8AB7582B4009BD00640749 /* UserTableViewCell.xib in Resources */ = {isa = PBXBuildFile; fileRef = 3D8AB7562B4009BD00640749 /* UserTableViewCell.xib */; };
		3D8AB75A2B400F8100640749 /* ProfileViewController.swift in Sources */ = {isa = PBXBuildFile; fileRef = 3D8AB7592B400F8100640749 /* ProfileViewController.swift */; };
		3D8AB75D2B40160C00640749 /* DetailInfoTableViewCell.swift in Sources */ = {isa = PBXBuildFile; fileRef = 3D8AB75B2B40160C00640749 /* DetailInfoTableViewCell.swift */; };
		3D8AB75E2B40160C00640749 /* DetailInfoTableViewCell.xib in Resources */ = {isa = PBXBuildFile; fileRef = 3D8AB75C2B40160C00640749 /* DetailInfoTableViewCell.xib */; };
		3DAA82372B4071210051AC8D /* AddEditUserViewController.swift in Sources */ = {isa = PBXBuildFile; fileRef = 3DAA82362B4071210051AC8D /* AddEditUserViewController.swift */; };
		3DAA82392B40716B0051AC8D /* AddEditUserViewModel.swift in Sources */ = {isa = PBXBuildFile; fileRef = 3DAA82382B40716B0051AC8D /* AddEditUserViewModel.swift */; };
		3DCF86222B3871510032525E /* Restaurant+CoreDataClass.swift in Sources */ = {isa = PBXBuildFile; fileRef = 3DCF86202B3871510032525E /* Restaurant+CoreDataClass.swift */; };
		3DCF86232B3871510032525E /* Restaurant+CoreDataProperties.swift in Sources */ = {isa = PBXBuildFile; fileRef = 3DCF86212B3871510032525E /* Restaurant+CoreDataProperties.swift */; };
		3DCF86252B3872780032525E /* Observable.swift in Sources */ = {isa = PBXBuildFile; fileRef = 3DCF86242B3872780032525E /* Observable.swift */; };
		3DCF86272B3878660032525E /* RegisterViewModel.swift in Sources */ = {isa = PBXBuildFile; fileRef = 3DCF86262B3878660032525E /* RegisterViewModel.swift */; };
		3DCF862A2B38800B0032525E /* RestaurantListViewController.swift in Sources */ = {isa = PBXBuildFile; fileRef = 3DCF86292B38800A0032525E /* RestaurantListViewController.swift */; };
		3DCF862D2B3880BF0032525E /* RestaurantTableViewCell.swift in Sources */ = {isa = PBXBuildFile; fileRef = 3DCF862B2B3880BF0032525E /* RestaurantTableViewCell.swift */; };
		3DCF862E2B3880BF0032525E /* RestaurantTableViewCell.xib in Resources */ = {isa = PBXBuildFile; fileRef = 3DCF862C2B3880BF0032525E /* RestaurantTableViewCell.xib */; };
		3DCF86312B3883E20032525E /* RestaurantViewModel.swift in Sources */ = {isa = PBXBuildFile; fileRef = 3DCF86302B3883E20032525E /* RestaurantViewModel.swift */; };
/* End PBXBuildFile section */

/* Begin PBXFileReference section */
		3D06ABF92B357BF90057139A /* RestoRaterUIKit.app */ = {isa = PBXFileReference; explicitFileType = wrapper.application; includeInIndex = 0; path = RestoRaterUIKit.app; sourceTree = BUILT_PRODUCTS_DIR; };
		3D06ABFC2B357BF90057139A /* AppDelegate.swift */ = {isa = PBXFileReference; lastKnownFileType = sourcecode.swift; path = AppDelegate.swift; sourceTree = "<group>"; };
		3D06ABFE2B357BF90057139A /* SceneDelegate.swift */ = {isa = PBXFileReference; lastKnownFileType = sourcecode.swift; path = SceneDelegate.swift; sourceTree = "<group>"; };
		3D06AC002B357BF90057139A /* ViewController.swift */ = {isa = PBXFileReference; lastKnownFileType = sourcecode.swift; path = ViewController.swift; sourceTree = "<group>"; };
		3D06AC032B357BF90057139A /* Base */ = {isa = PBXFileReference; lastKnownFileType = file.storyboard; name = Base; path = Base.lproj/Main.storyboard; sourceTree = "<group>"; };
		3D06AC062B357BF90057139A /* RestoRaterUIKit.xcdatamodel */ = {isa = PBXFileReference; lastKnownFileType = wrapper.xcdatamodel; path = RestoRaterUIKit.xcdatamodel; sourceTree = "<group>"; };
		3D06AC082B357BFB0057139A /* Assets.xcassets */ = {isa = PBXFileReference; lastKnownFileType = folder.assetcatalog; path = Assets.xcassets; sourceTree = "<group>"; };
		3D06AC0B2B357BFB0057139A /* Base */ = {isa = PBXFileReference; lastKnownFileType = file.storyboard; name = Base; path = Base.lproj/LaunchScreen.storyboard; sourceTree = "<group>"; };
		3D06AC0D2B357BFB0057139A /* Info.plist */ = {isa = PBXFileReference; lastKnownFileType = text.plist.xml; path = Info.plist; sourceTree = "<group>"; };
		3D06AC132B3589D80057139A /* TabBarViewController.swift */ = {isa = PBXFileReference; lastKnownFileType = sourcecode.swift; path = TabBarViewController.swift; sourceTree = "<group>"; };
		3D06AC152B358E8A0057139A /* RegisterVIewController.swift */ = {isa = PBXFileReference; lastKnownFileType = sourcecode.swift; path = RegisterVIewController.swift; sourceTree = "<group>"; };
		3D06AC172B358EBB0057139A /* LoginViewController.swift */ = {isa = PBXFileReference; lastKnownFileType = sourcecode.swift; path = LoginViewController.swift; sourceTree = "<group>"; };
		3D2F83B22B35AF8C002D7FF1 /* TextFieldCell.swift */ = {isa = PBXFileReference; lastKnownFileType = sourcecode.swift; path = TextFieldCell.swift; sourceTree = "<group>"; };
		3D2F83B32B35AF8C002D7FF1 /* TextFieldCell.xib */ = {isa = PBXFileReference; lastKnownFileType = file.xib; path = TextFieldCell.xib; sourceTree = "<group>"; };
		3D2F83B62B35B86D002D7FF1 /* ButtonCell.swift */ = {isa = PBXFileReference; lastKnownFileType = sourcecode.swift; path = ButtonCell.swift; sourceTree = "<group>"; };
		3D2F83B72B35B86D002D7FF1 /* ButtonCell.xib */ = {isa = PBXFileReference; lastKnownFileType = file.xib; path = ButtonCell.xib; sourceTree = "<group>"; };
		3D2F83BB2B35C53E002D7FF1 /* UIView.swift */ = {isa = PBXFileReference; lastKnownFileType = sourcecode.swift; path = UIView.swift; sourceTree = "<group>"; };
		3D2F83BD2B35C6C1002D7FF1 /* SecondaryButtonCell.swift */ = {isa = PBXFileReference; lastKnownFileType = sourcecode.swift; path = SecondaryButtonCell.swift; sourceTree = "<group>"; };
		3D2F83BE2B35C6C1002D7FF1 /* SecondaryButtonCell.xib */ = {isa = PBXFileReference; lastKnownFileType = file.xib; path = SecondaryButtonCell.xib; sourceTree = "<group>"; };
		3D2F83C42B35C9BD002D7FF1 /* en */ = {isa = PBXFileReference; lastKnownFileType = text.plist.strings; name = en; path = en.lproj/Localizable.strings; sourceTree = "<group>"; };
		3D2F83C62B35C9F2002D7FF1 /* Lingo.swift */ = {isa = PBXFileReference; lastKnownFileType = sourcecode.swift; path = Lingo.swift; sourceTree = "<group>"; };
		3D3A207D2B40422600B606E2 /* TabBarController.swift */ = {isa = PBXFileReference; lastKnownFileType = sourcecode.swift; path = TabBarController.swift; sourceTree = "<group>"; };
		3D4E8FCA2B4049AA00EA9C28 /* Restaurants.storyboard */ = {isa = PBXFileReference; lastKnownFileType = file.storyboard; path = Restaurants.storyboard; sourceTree = "<group>"; };
		3D4E8FCC2B4049DC00EA9C28 /* Users.storyboard */ = {isa = PBXFileReference; lastKnownFileType = file.storyboard; path = Users.storyboard; sourceTree = "<group>"; };
		3D4E8FCE2B404A6E00EA9C28 /* Profile.storyboard */ = {isa = PBXFileReference; lastKnownFileType = file.storyboard; path = Profile.storyboard; sourceTree = "<group>"; };
		3D4E8FD02B404B0900EA9C28 /* UserDetailsViewController.swift */ = {isa = PBXFileReference; lastKnownFileType = sourcecode.swift; path = UserDetailsViewController.swift; sourceTree = "<group>"; };
		3D5297302B414E980052880A /* SwitchTableViewCell.swift */ = {isa = PBXFileReference; lastKnownFileType = sourcecode.swift; path = SwitchTableViewCell.swift; sourceTree = "<group>"; };
		3D5297312B414E980052880A /* SwitchTableViewCell.xib */ = {isa = PBXFileReference; lastKnownFileType = file.xib; path = SwitchTableViewCell.xib; sourceTree = "<group>"; };
		3D6F80622B382E8F006C8684 /* LoginViewModel.swift */ = {isa = PBXFileReference; lastKnownFileType = sourcecode.swift; path = LoginViewModel.swift; sourceTree = "<group>"; };
		3D6F80652B382EC9006C8684 /* CoreDataManager.swift */ = {isa = PBXFileReference; lastKnownFileType = sourcecode.swift; path = CoreDataManager.swift; sourceTree = "<group>"; };
		3D6F80672B382EE9006C8684 /* PersistenceController.swift */ = {isa = PBXFileReference; lastKnownFileType = sourcecode.swift; path = PersistenceController.swift; sourceTree = "<group>"; };
		3D6F80762B38306D006C8684 /* Review+CoreDataClass.swift */ = {isa = PBXFileReference; lastKnownFileType = sourcecode.swift; path = "Review+CoreDataClass.swift"; sourceTree = "<group>"; };
		3D6F80772B38306D006C8684 /* Review+CoreDataProperties.swift */ = {isa = PBXFileReference; lastKnownFileType = sourcecode.swift; path = "Review+CoreDataProperties.swift"; sourceTree = "<group>"; };
		3D6F807A2B38306D006C8684 /* User+CoreDataClass.swift */ = {isa = PBXFileReference; lastKnownFileType = sourcecode.swift; path = "User+CoreDataClass.swift"; sourceTree = "<group>"; };
		3D6F807B2B38306D006C8684 /* User+CoreDataProperties.swift */ = {isa = PBXFileReference; lastKnownFileType = sourcecode.swift; path = "User+CoreDataProperties.swift"; sourceTree = "<group>"; };
		3D6F80822B3830FD006C8684 /* UserManager.swift */ = {isa = PBXFileReference; lastKnownFileType = sourcecode.swift; path = UserManager.swift; sourceTree = "<group>"; };
		3D8185F32B42A5C9002DF965 /* AddEditRestaurantViewController.swift */ = {isa = PBXFileReference; lastKnownFileType = sourcecode.swift; path = AddEditRestaurantViewController.swift; sourceTree = "<group>"; };
		3D8185F52B42A639002DF965 /* AddEditRestaurantViewModel.swift */ = {isa = PBXFileReference; lastKnownFileType = sourcecode.swift; path = AddEditRestaurantViewModel.swift; sourceTree = "<group>"; };
		3D8185F72B42AB69002DF965 /* ImagePickerCell.swift */ = {isa = PBXFileReference; lastKnownFileType = sourcecode.swift; path = ImagePickerCell.swift; sourceTree = "<group>"; };
		3D8185F82B42AB69002DF965 /* ImagePickerCell.xib */ = {isa = PBXFileReference; lastKnownFileType = file.xib; path = ImagePickerCell.xib; sourceTree = "<group>"; };
		3D8AB7512B40089600640749 /* UserListViewController.swift */ = {isa = PBXFileReference; lastKnownFileType = sourcecode.swift; path = UserListViewController.swift; sourceTree = "<group>"; };
		3D8AB7532B4008DE00640749 /* UsersViewModel.swift */ = {isa = PBXFileReference; lastKnownFileType = sourcecode.swift; path = UsersViewModel.swift; sourceTree = "<group>"; };
		3D8AB7552B4009BD00640749 /* UserTableViewCell.swift */ = {isa = PBXFileReference; lastKnownFileType = sourcecode.swift; path = UserTableViewCell.swift; sourceTree = "<group>"; };
		3D8AB7562B4009BD00640749 /* UserTableViewCell.xib */ = {isa = PBXFileReference; lastKnownFileType = file.xib; path = UserTableViewCell.xib; sourceTree = "<group>"; };
		3D8AB7592B400F8100640749 /* ProfileViewController.swift */ = {isa = PBXFileReference; lastKnownFileType = sourcecode.swift; path = ProfileViewController.swift; sourceTree = "<group>"; };
		3D8AB75B2B40160C00640749 /* DetailInfoTableViewCell.swift */ = {isa = PBXFileReference; lastKnownFileType = sourcecode.swift; path = DetailInfoTableViewCell.swift; sourceTree = "<group>"; };
		3D8AB75C2B40160C00640749 /* DetailInfoTableViewCell.xib */ = {isa = PBXFileReference; lastKnownFileType = file.xib; path = DetailInfoTableViewCell.xib; sourceTree = "<group>"; };
		3DAA82362B4071210051AC8D /* AddEditUserViewController.swift */ = {isa = PBXFileReference; lastKnownFileType = sourcecode.swift; path = AddEditUserViewController.swift; sourceTree = "<group>"; };
		3DAA82382B40716B0051AC8D /* AddEditUserViewModel.swift */ = {isa = PBXFileReference; lastKnownFileType = sourcecode.swift; path = AddEditUserViewModel.swift; sourceTree = "<group>"; };
		3DCF86202B3871510032525E /* Restaurant+CoreDataClass.swift */ = {isa = PBXFileReference; lastKnownFileType = sourcecode.swift; path = "Restaurant+CoreDataClass.swift"; sourceTree = "<group>"; };
		3DCF86212B3871510032525E /* Restaurant+CoreDataProperties.swift */ = {isa = PBXFileReference; lastKnownFileType = sourcecode.swift; path = "Restaurant+CoreDataProperties.swift"; sourceTree = "<group>"; };
		3DCF86242B3872780032525E /* Observable.swift */ = {isa = PBXFileReference; lastKnownFileType = sourcecode.swift; path = Observable.swift; sourceTree = "<group>"; };
		3DCF86262B3878660032525E /* RegisterViewModel.swift */ = {isa = PBXFileReference; lastKnownFileType = sourcecode.swift; path = RegisterViewModel.swift; sourceTree = "<group>"; };
		3DCF86292B38800A0032525E /* RestaurantListViewController.swift */ = {isa = PBXFileReference; lastKnownFileType = sourcecode.swift; path = RestaurantListViewController.swift; sourceTree = "<group>"; };
		3DCF862B2B3880BF0032525E /* RestaurantTableViewCell.swift */ = {isa = PBXFileReference; lastKnownFileType = sourcecode.swift; path = RestaurantTableViewCell.swift; sourceTree = "<group>"; };
		3DCF862C2B3880BF0032525E /* RestaurantTableViewCell.xib */ = {isa = PBXFileReference; lastKnownFileType = file.xib; path = RestaurantTableViewCell.xib; sourceTree = "<group>"; };
		3DCF86302B3883E20032525E /* RestaurantViewModel.swift */ = {isa = PBXFileReference; lastKnownFileType = sourcecode.swift; path = RestaurantViewModel.swift; sourceTree = "<group>"; };
/* End PBXFileReference section */

/* Begin PBXFrameworksBuildPhase section */
		3D06ABF62B357BF90057139A /* Frameworks */ = {
			isa = PBXFrameworksBuildPhase;
			buildActionMask = 2147483647;
			files = (
			);
			runOnlyForDeploymentPostprocessing = 0;
		};
/* End PBXFrameworksBuildPhase section */

/* Begin PBXGroup section */
		3D06ABF02B357BF90057139A = {
			isa = PBXGroup;
			children = (
				3D06ABFB2B357BF90057139A /* RestoRaterUIKit */,
				3D06ABFA2B357BF90057139A /* Products */,
			);
			sourceTree = "<group>";
		};
		3D06ABFA2B357BF90057139A /* Products */ = {
			isa = PBXGroup;
			children = (
				3D06ABF92B357BF90057139A /* RestoRaterUIKit.app */,
			);
			name = Products;
			sourceTree = "<group>";
		};
		3D06ABFB2B357BF90057139A /* RestoRaterUIKit */ = {
			isa = PBXGroup;
			children = (
				3D3A20812B40494B00B606E2 /* Storyboards */,
				3DCF862F2B3880C70032525E /* Cells */,
				3DCF86282B387FC50032525E /* ViewControllers */,
				3D6F80642B382EAF006C8684 /* Persistance */,
				3D6F80612B382E81006C8684 /* ViewModels */,
				3D2F83C82B35CA05002D7FF1 /* Lingo */,
				3D2F83BA2B35C4BE002D7FF1 /* Extensions */,
				3D06ABFC2B357BF90057139A /* AppDelegate.swift */,
				3D06ABFE2B357BF90057139A /* SceneDelegate.swift */,
				3D06AC002B357BF90057139A /* ViewController.swift */,
				3D06AC022B357BF90057139A /* Main.storyboard */,
				3D06AC082B357BFB0057139A /* Assets.xcassets */,
				3D06AC0A2B357BFB0057139A /* LaunchScreen.storyboard */,
				3D06AC0D2B357BFB0057139A /* Info.plist */,
				3D06AC052B357BF90057139A /* RestoRaterUIKit.xcdatamodeld */,
				3DCF86242B3872780032525E /* Observable.swift */,
			);
			path = RestoRaterUIKit;
			sourceTree = "<group>";
		};
		3D2F83BA2B35C4BE002D7FF1 /* Extensions */ = {
			isa = PBXGroup;
			children = (
				3D2F83BB2B35C53E002D7FF1 /* UIView.swift */,
			);
			path = Extensions;
			sourceTree = "<group>";
		};
		3D2F83C82B35CA05002D7FF1 /* Lingo */ = {
			isa = PBXGroup;
			children = (
				3D2F83C52B35C9BD002D7FF1 /* Localizable.strings */,
				3D2F83C62B35C9F2002D7FF1 /* Lingo.swift */,
			);
			path = Lingo;
			sourceTree = "<group>";
		};
		3D3A20812B40494B00B606E2 /* Storyboards */ = {
			isa = PBXGroup;
			children = (
				3D4E8FCA2B4049AA00EA9C28 /* Restaurants.storyboard */,
				3D4E8FCC2B4049DC00EA9C28 /* Users.storyboard */,
				3D4E8FCE2B404A6E00EA9C28 /* Profile.storyboard */,
			);
			path = Storyboards;
			sourceTree = "<group>";
		};
		3D6F80612B382E81006C8684 /* ViewModels */ = {
			isa = PBXGroup;
			children = (
				3D6F80622B382E8F006C8684 /* LoginViewModel.swift */,
				3DCF86262B3878660032525E /* RegisterViewModel.swift */,
				3DCF86302B3883E20032525E /* RestaurantViewModel.swift */,
				3D8AB7532B4008DE00640749 /* UsersViewModel.swift */,
				3DAA82382B40716B0051AC8D /* AddEditUserViewModel.swift */,
				3D8185F52B42A639002DF965 /* AddEditRestaurantViewModel.swift */,
			);
			path = ViewModels;
			sourceTree = "<group>";
		};
		3D6F80642B382EAF006C8684 /* Persistance */ = {
			isa = PBXGroup;
			children = (
				3D6F80692B382F3B006C8684 /* Entities */,
				3D6F80652B382EC9006C8684 /* CoreDataManager.swift */,
				3D6F80672B382EE9006C8684 /* PersistenceController.swift */,
				3D6F80822B3830FD006C8684 /* UserManager.swift */,
			);
			path = Persistance;
			sourceTree = "<group>";
		};
		3D6F80692B382F3B006C8684 /* Entities */ = {
			isa = PBXGroup;
			children = (
				3D6F80762B38306D006C8684 /* Review+CoreDataClass.swift */,
				3D6F80772B38306D006C8684 /* Review+CoreDataProperties.swift */,
				3D6F807A2B38306D006C8684 /* User+CoreDataClass.swift */,
				3D6F807B2B38306D006C8684 /* User+CoreDataProperties.swift */,
				3DCF86202B3871510032525E /* Restaurant+CoreDataClass.swift */,
				3DCF86212B3871510032525E /* Restaurant+CoreDataProperties.swift */,
			);
			path = Entities;
			sourceTree = "<group>";
		};
		3D8185F22B42A5B5002DF965 /* Restaurant */ = {
			isa = PBXGroup;
			children = (
				3DCF86292B38800A0032525E /* RestaurantListViewController.swift */,
				3D8185F32B42A5C9002DF965 /* AddEditRestaurantViewController.swift */,
			);
			path = Restaurant;
			sourceTree = "<group>";
		};
		3DAA82352B40710D0051AC8D /* User */ = {
			isa = PBXGroup;
			children = (
				3D8AB7512B40089600640749 /* UserListViewController.swift */,
				3D4E8FD02B404B0900EA9C28 /* UserDetailsViewController.swift */,
				3DAA82362B4071210051AC8D /* AddEditUserViewController.swift */,
			);
			path = User;
			sourceTree = "<group>";
		};
		3DCF86282B387FC50032525E /* ViewControllers */ = {
			isa = PBXGroup;
			children = (
				3D8185F22B42A5B5002DF965 /* Restaurant */,
				3DAA82352B40710D0051AC8D /* User */,
				3D06AC152B358E8A0057139A /* RegisterVIewController.swift */,
				3D06AC172B358EBB0057139A /* LoginViewController.swift */,
				3D06AC132B3589D80057139A /* TabBarViewController.swift */,
				3D8AB7592B400F8100640749 /* ProfileViewController.swift */,
				3D3A207D2B40422600B606E2 /* TabBarController.swift */,
			);
			path = ViewControllers;
			sourceTree = "<group>";
		};
		3DCF862F2B3880C70032525E /* Cells */ = {
			isa = PBXGroup;
			children = (
				3D2F83B22B35AF8C002D7FF1 /* TextFieldCell.swift */,
				3D2F83B32B35AF8C002D7FF1 /* TextFieldCell.xib */,
				3D2F83B62B35B86D002D7FF1 /* ButtonCell.swift */,
				3D2F83B72B35B86D002D7FF1 /* ButtonCell.xib */,
				3D2F83BD2B35C6C1002D7FF1 /* SecondaryButtonCell.swift */,
				3D2F83BE2B35C6C1002D7FF1 /* SecondaryButtonCell.xib */,
				3DCF862B2B3880BF0032525E /* RestaurantTableViewCell.swift */,
				3DCF862C2B3880BF0032525E /* RestaurantTableViewCell.xib */,
				3D8AB7552B4009BD00640749 /* UserTableViewCell.swift */,
				3D8AB7562B4009BD00640749 /* UserTableViewCell.xib */,
				3D8AB75B2B40160C00640749 /* DetailInfoTableViewCell.swift */,
				3D8AB75C2B40160C00640749 /* DetailInfoTableViewCell.xib */,
				3D5297302B414E980052880A /* SwitchTableViewCell.swift */,
				3D5297312B414E980052880A /* SwitchTableViewCell.xib */,
				3D8185F72B42AB69002DF965 /* ImagePickerCell.swift */,
				3D8185F82B42AB69002DF965 /* ImagePickerCell.xib */,
			);
			path = Cells;
			sourceTree = "<group>";
		};
/* End PBXGroup section */

/* Begin PBXNativeTarget section */
		3D06ABF82B357BF90057139A /* RestoRaterUIKit */ = {
			isa = PBXNativeTarget;
			buildConfigurationList = 3D06AC102B357BFB0057139A /* Build configuration list for PBXNativeTarget "RestoRaterUIKit" */;
			buildPhases = (
				3D06ABF52B357BF90057139A /* Sources */,
				3D06ABF62B357BF90057139A /* Frameworks */,
				3D06ABF72B357BF90057139A /* Resources */,
			);
			buildRules = (
			);
			dependencies = (
			);
			name = RestoRaterUIKit;
			productName = RestoRaterUIKit;
			productReference = 3D06ABF92B357BF90057139A /* RestoRaterUIKit.app */;
			productType = "com.apple.product-type.application";
		};
/* End PBXNativeTarget section */

/* Begin PBXProject section */
		3D06ABF12B357BF90057139A /* Project object */ = {
			isa = PBXProject;
			attributes = {
				BuildIndependentTargetsInParallel = 1;
				LastSwiftUpdateCheck = 1420;
				LastUpgradeCheck = 1420;
				TargetAttributes = {
					3D06ABF82B357BF90057139A = {
						CreatedOnToolsVersion = 14.2;
					};
				};
			};
			buildConfigurationList = 3D06ABF42B357BF90057139A /* Build configuration list for PBXProject "RestoRaterUIKit" */;
			compatibilityVersion = "Xcode 14.0";
			developmentRegion = en;
			hasScannedForEncodings = 0;
			knownRegions = (
				en,
				Base,
			);
			mainGroup = 3D06ABF02B357BF90057139A;
			productRefGroup = 3D06ABFA2B357BF90057139A /* Products */;
			projectDirPath = "";
			projectRoot = "";
			targets = (
				3D06ABF82B357BF90057139A /* RestoRaterUIKit */,
			);
		};
/* End PBXProject section */

/* Begin PBXResourcesBuildPhase section */
		3D06ABF72B357BF90057139A /* Resources */ = {
			isa = PBXResourcesBuildPhase;
			buildActionMask = 2147483647;
			files = (
				3DCF862E2B3880BF0032525E /* RestaurantTableViewCell.xib in Resources */,
				3D06AC0C2B357BFB0057139A /* LaunchScreen.storyboard in Resources */,
				3D06AC092B357BFB0057139A /* Assets.xcassets in Resources */,
				3D5297332B414E980052880A /* SwitchTableViewCell.xib in Resources */,
				3D2F83B92B35B86D002D7FF1 /* ButtonCell.xib in Resources */,
				3D2F83C32B35C9BD002D7FF1 /* Localizable.strings in Resources */,
				3D4E8FCF2B404A6E00EA9C28 /* Profile.storyboard in Resources */,
				3D8185FA2B42AB69002DF965 /* ImagePickerCell.xib in Resources */,
				3D06AC042B357BF90057139A /* Main.storyboard in Resources */,
				3D8AB75E2B40160C00640749 /* DetailInfoTableViewCell.xib in Resources */,
				3D2F83C02B35C6C1002D7FF1 /* SecondaryButtonCell.xib in Resources */,
				3D8AB7582B4009BD00640749 /* UserTableViewCell.xib in Resources */,
				3D4E8FCD2B4049DC00EA9C28 /* Users.storyboard in Resources */,
				3D4E8FCB2B4049AA00EA9C28 /* Restaurants.storyboard in Resources */,
				3D2F83B52B35AF8C002D7FF1 /* TextFieldCell.xib in Resources */,
			);
			runOnlyForDeploymentPostprocessing = 0;
		};
/* End PBXResourcesBuildPhase section */

/* Begin PBXSourcesBuildPhase section */
		3D06ABF52B357BF90057139A /* Sources */ = {
			isa = PBXSourcesBuildPhase;
			buildActionMask = 2147483647;
			files = (
				3D2F83BC2B35C53E002D7FF1 /* UIView.swift in Sources */,
				3D06AC182B358EBB0057139A /* LoginViewController.swift in Sources */,
				3D6F807D2B38306D006C8684 /* Review+CoreDataProperties.swift in Sources */,
				3DAA82372B4071210051AC8D /* AddEditUserViewController.swift in Sources */,
				3D2F83BF2B35C6C1002D7FF1 /* SecondaryButtonCell.swift in Sources */,
				3D8AB7572B4009BD00640749 /* UserTableViewCell.swift in Sources */,
				3DCF86312B3883E20032525E /* RestaurantViewModel.swift in Sources */,
				3D06AC012B357BF90057139A /* ViewController.swift in Sources */,
				3D2F83B82B35B86D002D7FF1 /* ButtonCell.swift in Sources */,
				3D8185F92B42AB69002DF965 /* ImagePickerCell.swift in Sources */,
				3D06AC162B358E8A0057139A /* RegisterVIewController.swift in Sources */,
				3D06AC072B357BF90057139A /* RestoRaterUIKit.xcdatamodeld in Sources */,
				3D8185F42B42A5C9002DF965 /* AddEditRestaurantViewController.swift in Sources */,
				3D5297322B414E980052880A /* SwitchTableViewCell.swift in Sources */,
				3D4E8FD12B404B0900EA9C28 /* UserDetailsViewController.swift in Sources */,
				3D06ABFD2B357BF90057139A /* AppDelegate.swift in Sources */,
				3D6F80632B382E8F006C8684 /* LoginViewModel.swift in Sources */,
				3D8AB75A2B400F8100640749 /* ProfileViewController.swift in Sources */,
				3D6F80682B382EE9006C8684 /* PersistenceController.swift in Sources */,
				3D06AC142B3589D80057139A /* TabBarViewController.swift in Sources */,
				3D6F80802B38306D006C8684 /* User+CoreDataClass.swift in Sources */,
				3D6F807C2B38306D006C8684 /* Review+CoreDataClass.swift in Sources */,
				3DCF86232B3871510032525E /* Restaurant+CoreDataProperties.swift in Sources */,
				3D06ABFF2B357BF90057139A /* SceneDelegate.swift in Sources */,
				3D6F80812B38306D006C8684 /* User+CoreDataProperties.swift in Sources */,
				3D2F83B42B35AF8C002D7FF1 /* TextFieldCell.swift in Sources */,
				3D6F80662B382EC9006C8684 /* CoreDataManager.swift in Sources */,
				3DCF86272B3878660032525E /* RegisterViewModel.swift in Sources */,
				3D8AB7522B40089600640749 /* UserListViewController.swift in Sources */,
				3D3A207E2B40422600B606E2 /* TabBarController.swift in Sources */,
				3D8AB7542B4008DE00640749 /* UsersViewModel.swift in Sources */,
				3D6F80832B3830FD006C8684 /* UserManager.swift in Sources */,
				3D8185F62B42A639002DF965 /* AddEditRestaurantViewModel.swift in Sources */,
				3D8AB75D2B40160C00640749 /* DetailInfoTableViewCell.swift in Sources */,
				3D2F83C72B35C9F2002D7FF1 /* Lingo.swift in Sources */,
				3DCF862A2B38800B0032525E /* RestaurantListViewController.swift in Sources */,
				3DCF86222B3871510032525E /* Restaurant+CoreDataClass.swift in Sources */,
				3DCF862D2B3880BF0032525E /* RestaurantTableViewCell.swift in Sources */,
				3DCF86252B3872780032525E /* Observable.swift in Sources */,
				3DAA82392B40716B0051AC8D /* AddEditUserViewModel.swift in Sources */,
			);
			runOnlyForDeploymentPostprocessing = 0;
		};
/* End PBXSourcesBuildPhase section */

/* Begin PBXVariantGroup section */
		3D06AC022B357BF90057139A /* Main.storyboard */ = {
			isa = PBXVariantGroup;
			children = (
				3D06AC032B357BF90057139A /* Base */,
			);
			name = Main.storyboard;
			sourceTree = "<group>";
		};
		3D06AC0A2B357BFB0057139A /* LaunchScreen.storyboard */ = {
			isa = PBXVariantGroup;
			children = (
				3D06AC0B2B357BFB0057139A /* Base */,
			);
			name = LaunchScreen.storyboard;
			sourceTree = "<group>";
		};
		3D2F83C52B35C9BD002D7FF1 /* Localizable.strings */ = {
			isa = PBXVariantGroup;
			children = (
				3D2F83C42B35C9BD002D7FF1 /* en */,
			);
			name = Localizable.strings;
			sourceTree = "<group>";
		};
/* End PBXVariantGroup section */

/* Begin XCBuildConfiguration section */
		3D06AC0E2B357BFB0057139A /* Debug */ = {
			isa = XCBuildConfiguration;
			buildSettings = {
				ALWAYS_SEARCH_USER_PATHS = NO;
				CLANG_ANALYZER_NONNULL = YES;
				CLANG_ANALYZER_NUMBER_OBJECT_CONVERSION = YES_AGGRESSIVE;
				CLANG_CXX_LANGUAGE_STANDARD = "gnu++20";
				CLANG_ENABLE_MODULES = YES;
				CLANG_ENABLE_OBJC_ARC = YES;
				CLANG_ENABLE_OBJC_WEAK = YES;
				CLANG_WARN_BLOCK_CAPTURE_AUTORELEASING = YES;
				CLANG_WARN_BOOL_CONVERSION = YES;
				CLANG_WARN_COMMA = YES;
				CLANG_WARN_CONSTANT_CONVERSION = YES;
				CLANG_WARN_DEPRECATED_OBJC_IMPLEMENTATIONS = YES;
				CLANG_WARN_DIRECT_OBJC_ISA_USAGE = YES_ERROR;
				CLANG_WARN_DOCUMENTATION_COMMENTS = YES;
				CLANG_WARN_EMPTY_BODY = YES;
				CLANG_WARN_ENUM_CONVERSION = YES;
				CLANG_WARN_INFINITE_RECURSION = YES;
				CLANG_WARN_INT_CONVERSION = YES;
				CLANG_WARN_NON_LITERAL_NULL_CONVERSION = YES;
				CLANG_WARN_OBJC_IMPLICIT_RETAIN_SELF = YES;
				CLANG_WARN_OBJC_LITERAL_CONVERSION = YES;
				CLANG_WARN_OBJC_ROOT_CLASS = YES_ERROR;
				CLANG_WARN_QUOTED_INCLUDE_IN_FRAMEWORK_HEADER = YES;
				CLANG_WARN_RANGE_LOOP_ANALYSIS = YES;
				CLANG_WARN_STRICT_PROTOTYPES = YES;
				CLANG_WARN_SUSPICIOUS_MOVE = YES;
				CLANG_WARN_UNGUARDED_AVAILABILITY = YES_AGGRESSIVE;
				CLANG_WARN_UNREACHABLE_CODE = YES;
				CLANG_WARN__DUPLICATE_METHOD_MATCH = YES;
				COPY_PHASE_STRIP = NO;
				DEBUG_INFORMATION_FORMAT = dwarf;
				ENABLE_STRICT_OBJC_MSGSEND = YES;
				ENABLE_TESTABILITY = YES;
				GCC_C_LANGUAGE_STANDARD = gnu11;
				GCC_DYNAMIC_NO_PIC = NO;
				GCC_NO_COMMON_BLOCKS = YES;
				GCC_OPTIMIZATION_LEVEL = 0;
				GCC_PREPROCESSOR_DEFINITIONS = (
					"DEBUG=1",
					"$(inherited)",
				);
				GCC_WARN_64_TO_32_BIT_CONVERSION = YES;
				GCC_WARN_ABOUT_RETURN_TYPE = YES_ERROR;
				GCC_WARN_UNDECLARED_SELECTOR = YES;
				GCC_WARN_UNINITIALIZED_AUTOS = YES_AGGRESSIVE;
				GCC_WARN_UNUSED_FUNCTION = YES;
				GCC_WARN_UNUSED_VARIABLE = YES;
				IPHONEOS_DEPLOYMENT_TARGET = 16.2;
				MTL_ENABLE_DEBUG_INFO = INCLUDE_SOURCE;
				MTL_FAST_MATH = YES;
				ONLY_ACTIVE_ARCH = YES;
				SDKROOT = iphoneos;
				SWIFT_ACTIVE_COMPILATION_CONDITIONS = DEBUG;
				SWIFT_OPTIMIZATION_LEVEL = "-Onone";
			};
			name = Debug;
		};
		3D06AC0F2B357BFB0057139A /* Release */ = {
			isa = XCBuildConfiguration;
			buildSettings = {
				ALWAYS_SEARCH_USER_PATHS = NO;
				CLANG_ANALYZER_NONNULL = YES;
				CLANG_ANALYZER_NUMBER_OBJECT_CONVERSION = YES_AGGRESSIVE;
				CLANG_CXX_LANGUAGE_STANDARD = "gnu++20";
				CLANG_ENABLE_MODULES = YES;
				CLANG_ENABLE_OBJC_ARC = YES;
				CLANG_ENABLE_OBJC_WEAK = YES;
				CLANG_WARN_BLOCK_CAPTURE_AUTORELEASING = YES;
				CLANG_WARN_BOOL_CONVERSION = YES;
				CLANG_WARN_COMMA = YES;
				CLANG_WARN_CONSTANT_CONVERSION = YES;
				CLANG_WARN_DEPRECATED_OBJC_IMPLEMENTATIONS = YES;
				CLANG_WARN_DIRECT_OBJC_ISA_USAGE = YES_ERROR;
				CLANG_WARN_DOCUMENTATION_COMMENTS = YES;
				CLANG_WARN_EMPTY_BODY = YES;
				CLANG_WARN_ENUM_CONVERSION = YES;
				CLANG_WARN_INFINITE_RECURSION = YES;
				CLANG_WARN_INT_CONVERSION = YES;
				CLANG_WARN_NON_LITERAL_NULL_CONVERSION = YES;
				CLANG_WARN_OBJC_IMPLICIT_RETAIN_SELF = YES;
				CLANG_WARN_OBJC_LITERAL_CONVERSION = YES;
				CLANG_WARN_OBJC_ROOT_CLASS = YES_ERROR;
				CLANG_WARN_QUOTED_INCLUDE_IN_FRAMEWORK_HEADER = YES;
				CLANG_WARN_RANGE_LOOP_ANALYSIS = YES;
				CLANG_WARN_STRICT_PROTOTYPES = YES;
				CLANG_WARN_SUSPICIOUS_MOVE = YES;
				CLANG_WARN_UNGUARDED_AVAILABILITY = YES_AGGRESSIVE;
				CLANG_WARN_UNREACHABLE_CODE = YES;
				CLANG_WARN__DUPLICATE_METHOD_MATCH = YES;
				COPY_PHASE_STRIP = NO;
				DEBUG_INFORMATION_FORMAT = "dwarf-with-dsym";
				ENABLE_NS_ASSERTIONS = NO;
				ENABLE_STRICT_OBJC_MSGSEND = YES;
				GCC_C_LANGUAGE_STANDARD = gnu11;
				GCC_NO_COMMON_BLOCKS = YES;
				GCC_WARN_64_TO_32_BIT_CONVERSION = YES;
				GCC_WARN_ABOUT_RETURN_TYPE = YES_ERROR;
				GCC_WARN_UNDECLARED_SELECTOR = YES;
				GCC_WARN_UNINITIALIZED_AUTOS = YES_AGGRESSIVE;
				GCC_WARN_UNUSED_FUNCTION = YES;
				GCC_WARN_UNUSED_VARIABLE = YES;
				IPHONEOS_DEPLOYMENT_TARGET = 16.2;
				MTL_ENABLE_DEBUG_INFO = NO;
				MTL_FAST_MATH = YES;
				SDKROOT = iphoneos;
				SWIFT_COMPILATION_MODE = wholemodule;
				SWIFT_OPTIMIZATION_LEVEL = "-O";
				VALIDATE_PRODUCT = YES;
			};
			name = Release;
		};
		3D06AC112B357BFB0057139A /* Debug */ = {
			isa = XCBuildConfiguration;
			buildSettings = {
				ASSETCATALOG_COMPILER_APPICON_NAME = AppIcon;
				ASSETCATALOG_COMPILER_GLOBAL_ACCENT_COLOR_NAME = AccentColor;
				CODE_SIGN_STYLE = Automatic;
				CURRENT_PROJECT_VERSION = 1;
				GENERATE_INFOPLIST_FILE = YES;
				INFOPLIST_FILE = RestoRaterUIKit/Info.plist;
				INFOPLIST_KEY_UIApplicationSupportsIndirectInputEvents = YES;
				INFOPLIST_KEY_UILaunchStoryboardName = LaunchScreen;
				INFOPLIST_KEY_UIMainStoryboardFile = Main;
				INFOPLIST_KEY_UISupportedInterfaceOrientations_iPad = "UIInterfaceOrientationPortrait UIInterfaceOrientationPortraitUpsideDown UIInterfaceOrientationLandscapeLeft UIInterfaceOrientationLandscapeRight";
				INFOPLIST_KEY_UISupportedInterfaceOrientations_iPhone = "UIInterfaceOrientationPortrait UIInterfaceOrientationLandscapeLeft UIInterfaceOrientationLandscapeRight";
				LD_RUNPATH_SEARCH_PATHS = (
					"$(inherited)",
					"@executable_path/Frameworks",
				);
				MARKETING_VERSION = 1.0;
				PRODUCT_BUNDLE_IDENTIFIER = hus.RestoRaterUIKit;
				PRODUCT_NAME = "$(TARGET_NAME)";
				SWIFT_EMIT_LOC_STRINGS = YES;
				SWIFT_VERSION = 5.0;
				TARGETED_DEVICE_FAMILY = "1,2";
			};
			name = Debug;
		};
		3D06AC122B357BFB0057139A /* Release */ = {
			isa = XCBuildConfiguration;
			buildSettings = {
				ASSETCATALOG_COMPILER_APPICON_NAME = AppIcon;
				ASSETCATALOG_COMPILER_GLOBAL_ACCENT_COLOR_NAME = AccentColor;
				CODE_SIGN_STYLE = Automatic;
				CURRENT_PROJECT_VERSION = 1;
				GENERATE_INFOPLIST_FILE = YES;
				INFOPLIST_FILE = RestoRaterUIKit/Info.plist;
				INFOPLIST_KEY_UIApplicationSupportsIndirectInputEvents = YES;
				INFOPLIST_KEY_UILaunchStoryboardName = LaunchScreen;
				INFOPLIST_KEY_UIMainStoryboardFile = Main;
				INFOPLIST_KEY_UISupportedInterfaceOrientations_iPad = "UIInterfaceOrientationPortrait UIInterfaceOrientationPortraitUpsideDown UIInterfaceOrientationLandscapeLeft UIInterfaceOrientationLandscapeRight";
				INFOPLIST_KEY_UISupportedInterfaceOrientations_iPhone = "UIInterfaceOrientationPortrait UIInterfaceOrientationLandscapeLeft UIInterfaceOrientationLandscapeRight";
				LD_RUNPATH_SEARCH_PATHS = (
					"$(inherited)",
					"@executable_path/Frameworks",
				);
				MARKETING_VERSION = 1.0;
				PRODUCT_BUNDLE_IDENTIFIER = hus.RestoRaterUIKit;
				PRODUCT_NAME = "$(TARGET_NAME)";
				SWIFT_EMIT_LOC_STRINGS = YES;
				SWIFT_VERSION = 5.0;
				TARGETED_DEVICE_FAMILY = "1,2";
			};
			name = Release;
		};
/* End XCBuildConfiguration section */

/* Begin XCConfigurationList section */
		3D06ABF42B357BF90057139A /* Build configuration list for PBXProject "RestoRaterUIKit" */ = {
			isa = XCConfigurationList;
			buildConfigurations = (
				3D06AC0E2B357BFB0057139A /* Debug */,
				3D06AC0F2B357BFB0057139A /* Release */,
			);
			defaultConfigurationIsVisible = 0;
			defaultConfigurationName = Release;
		};
		3D06AC102B357BFB0057139A /* Build configuration list for PBXNativeTarget "RestoRaterUIKit" */ = {
			isa = XCConfigurationList;
			buildConfigurations = (
				3D06AC112B357BFB0057139A /* Debug */,
				3D06AC122B357BFB0057139A /* Release */,
			);
			defaultConfigurationIsVisible = 0;
			defaultConfigurationName = Release;
		};
/* End XCConfigurationList section */

/* Begin XCVersionGroup section */
		3D06AC052B357BF90057139A /* RestoRaterUIKit.xcdatamodeld */ = {
			isa = XCVersionGroup;
			children = (
				3D06AC062B357BF90057139A /* RestoRaterUIKit.xcdatamodel */,
			);
			currentVersion = 3D06AC062B357BF90057139A /* RestoRaterUIKit.xcdatamodel */;
			path = RestoRaterUIKit.xcdatamodeld;
			sourceTree = "<group>";
			versionGroupType = wrapper.xcdatamodel;
		};
/* End XCVersionGroup section */
	};
	rootObject = 3D06ABF12B357BF90057139A /* Project object */;
}
